
Microsoft Visual Studio Solution File, Format Version 12.00
# Visual Studio Version 17
VisualStudioVersion = 17.14.37314.3 d17.14
MinimumVisualStudioVersion = 10.0.40219.1
Project("{FAE04EC0-301F-11D3-BF4B-00C04F79EFBC}") = "Selenium", "Selenium\Selenium.csproj", "{2352089A-7B7E-471A-96DF-6F525927FF78}"
EndProject
Global
	GlobalSection(SolutionConfigurationPlatforms) = preSolution
		Debug|Any CPU = Debug|Any CPU
		Release|Any CPU = Release|Any CPU
	EndGlobalSection
	GlobalSection(ProjectConfigurationPlatforms) = postSolution
		{2352089A-7B7E-471A-96DF-6F525927FF78}.Debug|Any CPU.ActiveCfg = Debug|Any CPU
		{2352089A-7B7E-471A-96DF-6F525927FF78}.Debug|Any CPU.Build.0 = Debug|Any CPU
		{2352089A-7B7E-471A-96DF-6F525927FF78}.Release|Any CPU.ActiveCfg = Release|Any CPU
		{2352089A-7B7E-471A-96DF-6F525927FF78}.Release|Any CPU.Build.0 = Release|Any CPU
	EndGlobalSection
	GlobalSection(SolutionProperties) = preSolution
		HideSolutionNode = FALSE
	EndGlobalSection
	GlobalSection(ExtensibilityGlobals) = postSolution
		SolutionGuid = {33376837-A1D2-48F4-804B-0ED10433E9CD}
	EndGlobalSection
EndGlobal
